{
  "version": 4,
  "terraform_version": "0.12.26",
  "serial": 9,
  "lineage": "e7cda963-52e9-0b51-1300-2cca72f1befd",
  "outputs": {
    "inst_id": {
      "value": "i-0b853dcdd06bda7a1",
      "type": "string"
    }
  },
  "resources": [
    {
      "mode": "managed",
      "type": "aws_iam_instance_profile",
      "name": "profile",
      "provider": "provider.aws",
      "instances": [
        {
          "schema_version": 0,
          "attributes": {
            "arn": "arn:aws:iam::580017631113:instance-profile/armor-eks-ami-test-profile-6aac",
            "create_date": "2020-06-29T23:02:07Z",
            "id": "armor-eks-ami-test-profile-6aac",
            "name": "armor-eks-ami-test-profile-6aac",
            "name_prefix": null,
            "path": "/",
            "role": "armor-eks-ami-test-role-6aac",
            "roles": [],
            "unique_id": "AIPAYOC56V6ETFPWRZPQH"
          },
          "private": "bnVsbA==",
          "dependencies": [
            "aws_iam_role.role",
            "random_string.test_token"
          ]
        }
      ]
    },
    {
      "mode": "managed",
      "type": "aws_iam_role",
      "name": "role",
      "provider": "provider.aws",
      "instances": [
        {
          "schema_version": 0,
          "attributes": {
            "arn": "arn:aws:iam::580017631113:role/armor-eks-ami-test-role-6aac",
            "assume_role_policy": "{\"Version\":\"2012-10-17\",\"Statement\":[{\"Sid\":\"\",\"Effect\":\"Allow\",\"Principal\":{\"Service\":\"ec2.amazonaws.com\"},\"Action\":\"sts:AssumeRole\"}]}",
            "create_date": "2020-06-29T23:02:06Z",
            "description": "",
            "force_detach_policies": false,
            "id": "armor-eks-ami-test-role-6aac",
            "max_session_duration": 3600,
            "name": "armor-eks-ami-test-role-6aac",
            "name_prefix": null,
            "path": "/",
            "permissions_boundary": null,
            "tags": null,
            "unique_id": "AROAYOC56V6E7322USDPY"
          },
          "private": "bnVsbA==",
          "dependencies": [
            "random_string.test_token"
          ]
        }
      ]
    },
    {
      "mode": "managed",
      "type": "aws_iam_role_policy_attachment",
      "name": "ssm_attaachment",
      "provider": "provider.aws",
      "instances": [
        {
          "schema_version": 0,
          "attributes": {
            "id": "armor-eks-ami-test-role-6aac-20200629230207608900000001",
            "policy_arn": "arn:aws:iam::aws:policy/AmazonSSMManagedInstanceCore",
            "role": "armor-eks-ami-test-role-6aac"
          },
          "private": "bnVsbA==",
          "dependencies": [
            "aws_iam_role.role",
            "random_string.test_token"
          ]
        }
      ]
    },
    {
      "mode": "managed",
      "type": "aws_instance",
      "name": "inst",
      "provider": "provider.aws",
      "instances": [
        {
          "schema_version": 1,
          "attributes": {
            "ami": "ami-085e2fd693b0dcc90",
            "arn": "arn:aws:ec2:us-west-2:580017631113:instance/i-0b853dcdd06bda7a1",
            "associate_public_ip_address": true,
            "availability_zone": "us-west-2d",
            "cpu_core_count": 1,
            "cpu_threads_per_core": 2,
            "credit_specification": [
              {
                "cpu_credits": "unlimited"
              }
            ],
            "disable_api_termination": false,
            "ebs_block_device": [],
            "ebs_optimized": false,
            "ephemeral_block_device": [],
            "get_password_data": false,
            "hibernation": false,
            "host_id": null,
            "iam_instance_profile": "armor-eks-ami-test-profile-6aac",
            "id": "i-0b853dcdd06bda7a1",
            "instance_initiated_shutdown_behavior": null,
            "instance_state": "running",
            "instance_type": "t3.medium",
            "ipv6_address_count": 0,
            "ipv6_addresses": [],
            "key_name": "armor-eks-ami-test-key-6aac",
            "metadata_options": [
              {
                "http_endpoint": "enabled",
                "http_put_response_hop_limit": 1,
                "http_tokens": "optional"
              }
            ],
            "monitoring": false,
            "network_interface": [],
            "network_interface_id": null,
            "outpost_arn": "",
            "password_data": "",
            "placement_group": "",
            "primary_network_interface_id": "eni-01458e67c8797d043",
            "private_dns": "ip-172-31-63-38.us-west-2.compute.internal",
            "private_ip": "172.31.63.38",
            "public_dns": "ec2-44-229-31-185.us-west-2.compute.amazonaws.com",
            "public_ip": "44.229.31.185",
            "root_block_device": [
              {
                "delete_on_termination": true,
                "device_name": "/dev/xvda",
                "encrypted": false,
                "iops": 100,
                "kms_key_id": "",
                "volume_id": "vol-01aca01a8ef9d700c",
                "volume_size": 20,
                "volume_type": "gp2"
              }
            ],
            "security_groups": [
              "allow_all_egress"
            ],
            "source_dest_check": true,
            "subnet_id": "subnet-a23d4789",
            "tags": {
              "Name": "armor-eks-ami-test-6aac"
            },
            "tenancy": "default",
            "timeouts": null,
            "user_data": null,
            "user_data_base64": null,
            "volume_tags": {},
            "vpc_security_group_ids": [
              "sg-0d43813eab8c3bb7f"
            ]
          },
          "private": "eyJlMmJmYjczMC1lY2FhLTExZTYtOGY4OC0zNDM2M2JjN2M0YzAiOnsiY3JlYXRlIjo2MDAwMDAwMDAwMDAsImRlbGV0ZSI6MTIwMDAwMDAwMDAwMCwidXBkYXRlIjo2MDAwMDAwMDAwMDB9LCJzY2hlbWFfdmVyc2lvbiI6IjEifQ==",
          "dependencies": [
            "aws_iam_instance_profile.profile",
            "aws_iam_role.role",
            "aws_key_pair.test_key",
            "aws_security_group.allow_egress_only",
            "random_string.test_token",
            "tls_private_key.test_key"
          ]
        }
      ]
    },
    {
      "mode": "managed",
      "type": "aws_key_pair",
      "name": "test_key",
      "provider": "provider.aws",
      "instances": [
        {
          "schema_version": 1,
          "attributes": {
            "arn": "arn:aws:ec2:us-west-2:580017631113:key-pair/armor-eks-ami-test-key-6aac",
            "fingerprint": "06:77:d8:9b:99:fb:12:e1:b2:96:34:32:af:5e:c9:c2",
            "id": "armor-eks-ami-test-key-6aac",
            "key_name": "armor-eks-ami-test-key-6aac",
            "key_name_prefix": null,
            "key_pair_id": "key-0df5e1080e0a1c515",
            "public_key": "ssh-rsa AAAAB3NzaC1yc2EAAAADAQABAAACAQDeXi/k79qxB0Wr8dRZNwXyNffSDcw9xm4FzlkD3JAUODlicVTJXM6Blg1omEd6y89kJnP7G9JrbEBg8F1LO7eLa+T9MrzGqD2+qJCw9wAB1trYls266imsUDegOGohfYzGq2Wz0LXEK2JZdIEkPWRcXV+7+yEqaRQKezkiRD2YFBf46tieCZjJnXP2OYq0QAW+jOgHFYtpK9bJdNPYh3xFH2nhu1tGOT6e5INSBjfj/ryQyxzkV2iJvNWiG3oiQVOPlsoGYolYYxcDXiibF5XTmYdPHb9TBkYOqJExyvVG8YosCp0JSlAd3R19NPPwrd0cTM/OvqrmxheqeUa8IswBWtp2P92y2O2JpxBrol1TuX0IbuFccvVq16IVscSp70IQTHo7H7/YJfBj+wsDQV7j73GPwgvSzQSCmRleqg4WDY1hHm056DeA6p2AIV+peZrBMtw+fujUWTZq1jDrXXQRd+k18c7i8dbQlBZt/ep4vlmUm9giBzBKhrcdgJHb9Nr37Hjf4aHaBRVK5FXK5uG2eAC6a5t4+63+WUC8MkTt2D8e+Az2T4KD0YFzb2d/DhjXIDAqFPRfrrrAHawWezN9sfYuGjqon4gKFXZ4VcBi++SLdlVOXzfi7xeMQ4OBNhHCB44GrQ8Bfl/GKCSB2/LS46k6XJDxx0+RrxixTgQXMQ==",
            "tags": null
          },
          "private": "eyJzY2hlbWFfdmVyc2lvbiI6IjEifQ==",
          "dependencies": [
            "random_string.test_token",
            "tls_private_key.test_key"
          ]
        }
      ]
    },
    {
      "mode": "managed",
      "type": "aws_security_group",
      "name": "allow_egress_only",
      "provider": "provider.aws",
      "instances": [
        {
          "schema_version": 1,
          "attributes": {
            "arn": "arn:aws:ec2:us-west-2:580017631113:security-group/sg-0d43813eab8c3bb7f",
            "description": "Allow egress traffic",
            "egress": [
              {
                "cidr_blocks": [
                  "0.0.0.0/0"
                ],
                "description": "",
                "from_port": 0,
                "ipv6_cidr_blocks": [],
                "prefix_list_ids": [],
                "protocol": "-1",
                "security_groups": [],
                "self": false,
                "to_port": 0
              }
            ],
            "id": "sg-0d43813eab8c3bb7f",
            "ingress": [],
            "name": "allow_all_egress",
            "name_prefix": null,
            "owner_id": "580017631113",
            "revoke_rules_on_delete": false,
            "tags": {
              "Name": "All_All_Egress_6aac"
            },
            "timeouts": null,
            "vpc_id": "vpc-aebfd8d6"
          },
          "private": "eyJlMmJmYjczMC1lY2FhLTExZTYtOGY4OC0zNDM2M2JjN2M0YzAiOnsiY3JlYXRlIjo2MDAwMDAwMDAwMDAsImRlbGV0ZSI6NjAwMDAwMDAwMDAwfSwic2NoZW1hX3ZlcnNpb24iOiIxIn0=",
          "dependencies": [
            "random_string.test_token"
          ]
        }
      ]
    },
    {
      "mode": "managed",
      "type": "random_string",
      "name": "test_token",
      "provider": "provider.random",
      "instances": [
        {
          "schema_version": 1,
          "attributes": {
            "id": "6aac",
            "keepers": null,
            "length": 4,
            "lower": true,
            "min_lower": 0,
            "min_numeric": 0,
            "min_special": 0,
            "min_upper": 0,
            "number": true,
            "override_special": null,
            "result": "6aac",
            "special": false,
            "upper": false
          },
          "private": "eyJzY2hlbWFfdmVyc2lvbiI6IjEifQ=="
        }
      ]
    },
    {
      "mode": "managed",
      "type": "tls_private_key",
      "name": "test_key",
      "provider": "provider.tls",
      "instances": [
        {
          "schema_version": 0,
          "attributes": {
            "algorithm": "RSA",
            "ecdsa_curve": "P224",
            "id": "035bb628ae0c0cb7c938243f15b6ffdc62faabd4",
            "private_key_pem": "-----BEGIN RSA PRIVATE KEY-----\nMIIJKQIBAAKCAgEA3l4v5O/asQdFq/HUWTcF8jX30g3MPcZuBc5ZA9yQFDg5YnFU\nyVzOgZYNaJhHesvPZCZz+xvSa2xAYPBdSzu3i2vk/TK8xqg9vqiQsPcAAdba2JbN\nuuoprFA3oDhqIX2Mxqtls9C1xCtiWXSBJD1kXF1fu/shKmkUCns5IkQ9mBQX+OrY\nngmYyZ1z9jmKtEAFvozoBxWLaSvWyXTT2Id8RR9p4btbRjk+nuSDUgY34/68kMsc\n5FdoibzVoht6IkFTj5bKBmKJWGMXA14omxeV05mHTx2/UwZGDqiRMcr1RvGKLAqd\nCUpQHd0dfTTz8K3dHEzPzr6q5sYXqnlGvCLMAVradj/dstjtiacQa6JdU7l9CG7h\nXHL1ateiFbHEqe9CEEx6Ox+/2CXwY/sLA0Fe4+9xj8IL0s0EgpkZXqoOFg2NYR5t\nOeg3gOqdgCFfqXmawTLcPn7o1Fk2atYw6110EXfpNfHO4vHW0JQWbf3qeL5ZlJvY\nIgcwSoa3HYCR2/Ta9+x43+Gh2gUVSuRVyubhtngAumubePut/llAvDJE7dg/HvgM\n9k+Cg9GBc29nfw4Y1yAwKhT0X666wB2sFnszfbH2Lho6qJ+IChV2eFXAYvvki3ZV\nTl834u8XjEODgTYRwgeOBq0PAX5fxigkgdvy0uOpOlyQ8cdPka8YsU4EFzECAwEA\nAQKCAgEAlQ/WU0Vl+B3D2ot1qYh09/Std6XAL/kAb+vvR+NmwecesJsAFyubUsrf\nminaYLqW/6+3N7Fi0Jf0YAdAwtn5JADjs8d7PEAzg8dDlx08Z/87HM2ag53M6bGs\nWD75BhI/eD4VIwDZl/LtLsImf8CXskL1lfG2PdPKl2wa1JmiIHv3xejH5MjSHvTp\nczkHfeUc9KtILteGaK32gX1LNW89Iqj4NVV+zgg5rhHI5gc9GBz/EqDVcUwWy55G\nJzD8IlJgTXTrYHRVVWa3Wo6X8b9RtFLKnYJ3apReCh19lz9SRIhN80/6DOw/4IUE\n65W/oKsr+XiUJSczMRfBbYl2nU9GKLJ5Qr/WQp7eTbxLRKAVeSoxCEAxAMKzOmCd\n9UEOfkj9+S9+s4joeX61JLTMPKnttmOXB9YTFeXAazK5D2HKa1D6ND1yXHJxGOYQ\na0zS7Ntw1e92Q0ZFaNVQCa/mTIfDokyeKa49aIg3pFeiEn2lNvoL92nNbzdPynXj\nAaO8cYHTqu3hiiDaEvuYiMkq7UCNbpepadpMknOTlXwD8B/EYzBrBivNfRyLfiku\nesvZv08OI3XevQ/DeTSEArKeze885t/SQ8dFGXtv2T+kSPqWQxKijSZsNkLpLrI3\ntWiiXtgp7OH2zQQD8/mva2k8oQysg/mXVDdvITx41zO20iG/drECggEBAO5THGKm\n8Xxf4PMS6F9Q29X6b5e8ehGJwf8R7LDqdOtXhyQjSYNTAAXCzFRk676EU+U/32fk\nRm762K0DgFlwDs9kbIl5fIffJnAjhUNS7hXiW9Px/wLvxs2OzN8N5vaM2Kv025In\ntiAeiepbMxMiAY41lmxeY/03W0zWiiyyaBnNz/eklHNe4gZUfu8NwA6gta2HW3If\nYBcySNgY/fGUxatL4BkEwHYpS+97Mp4O6xUTlLmkVj5q6mwQBb5IFT4UjG94JXtJ\nxUTj5M+dskw6vepqPR1os8Nu3rEEyojToLVxR68uYlFT1xk2Qg/HTKYKUjItwLlM\n8mjKIhAymWVGVYMCggEBAO7cHin8rcyF8LZEyRlEZuwBSgbBrT0DKP+UfBTaTd2M\nZwBvikkeoR8vCntb5D4aN41eEnPG7wdE4sECZLJRLEK4OikWXZKc9HX+V6b7Q5Ga\n+OnVgrQeocAAShPabmXsXG8u2DcZ4nRv7CLUXi9V+Cjf2ll/DQEw14LlH5tlMOBb\n431SlNbevfhMpaDtwOOc6hrpnfrSkX259eK3poyl+iLYNzWgRXQ7TCJgS4a1Thya\nxTWPy9QcFna7SCT4XJ7WgoQBrw9ItgnqTQpgkRYXAwVHHwxY2IWNSknsZInzIDDE\nQDDGHPztxNpKy2SPZs3TVacvFPN/hjB5bxTUTE3MdjsCggEANWBb3SRytV5r7UTw\n0lgzxErgr2VBGah20H/dOQppwUPLOqbEkisGuEOWq9gmjHbqq0+Q453WwIhh+u3r\n0xwr1Psy699PqsapvzfVYuyx8ijOVDvA15GIPwWakOJ2NgX5iRnAC43lVnBAh0KB\nv+k/2+/YjtDdKBs70YvDSptygUT9LQOpU+WOTcii3TuBJkWMKx9Dtd2dEdTrR6rh\nRTgCxYiq2i+cQ1qgbTR0c733nLLT/nf18OjVM/qqrqFKUKsdgOGx01kEW5eG6ZDy\nG+yUGGpO4cVPbZfpPFBMZDSxq7GBUpTa5EgYxsbGKO6EFjP9kMt6fIXlTN7oniQX\nAv2rrQKCAQEAv+qqbc/xEQCZXMm9zohwLbYHdZBOElSkr13tqI+Suqzh4a69LGzo\nxnZ0dJNrux4zfmmUZ+PyECQgETZMFB42ctE1IegvfOqRXPDkGm2OZ8JdtvvvTavD\nCNLysiryQwB7cHXyEavBkQ6Qa5e4qU3o22apOPllSIymzCwujhvq/om2Ke6dWluT\nxZpIBhqhvgBI9SC551sivSMaVnR65E1DwpV5HqRMycwPKxu182FfhoowZA3Klv2O\naw2lNNc9C/6M1WXI833XjfXsuqbGTDpnGemAH9qO9heFFgpS6agoOCam8MltZyff\n4AjyjTTPRBdGndKtgcv31KDtSI4fVO8wGwKCAQAN5Pa2Wc2omBzK14fiumw7JRtX\nKRMLq98Bur+7a4EHDNm2/eDoCSqxZgpqyNnYMjF+IyUTHqapKsaBVRZ60MmpF+C/\na2Py7UHgFbxqX2ZU5QJm86/Vt7UgjfCr8vBHh8l8YQ5VjWvDO6g6A2T8t1c5S3eI\nY3mEMwaFeN5hgBIQwFRanuHZea4NaZRAUM+nsi+3XUQuiF79hEx1CeaMZRJFkPjo\nmMcrp1KLc3clVIEZEnU6kU/KoW25Oer+IRQYVGtW/OM9h3fZMiIjahqomvtZftgD\nzpOiLCexYUYAgECUet/0RQGG+zYznc/ElfqMknRzw7PgYDKgQBI2iEXxIoK9\n-----END RSA PRIVATE KEY-----\n",
            "public_key_fingerprint_md5": "32:10:45:77:4c:0b:fc:23:62:e1:34:6c:c6:bc:a3:d7",
            "public_key_openssh": "ssh-rsa AAAAB3NzaC1yc2EAAAADAQABAAACAQDeXi/k79qxB0Wr8dRZNwXyNffSDcw9xm4FzlkD3JAUODlicVTJXM6Blg1omEd6y89kJnP7G9JrbEBg8F1LO7eLa+T9MrzGqD2+qJCw9wAB1trYls266imsUDegOGohfYzGq2Wz0LXEK2JZdIEkPWRcXV+7+yEqaRQKezkiRD2YFBf46tieCZjJnXP2OYq0QAW+jOgHFYtpK9bJdNPYh3xFH2nhu1tGOT6e5INSBjfj/ryQyxzkV2iJvNWiG3oiQVOPlsoGYolYYxcDXiibF5XTmYdPHb9TBkYOqJExyvVG8YosCp0JSlAd3R19NPPwrd0cTM/OvqrmxheqeUa8IswBWtp2P92y2O2JpxBrol1TuX0IbuFccvVq16IVscSp70IQTHo7H7/YJfBj+wsDQV7j73GPwgvSzQSCmRleqg4WDY1hHm056DeA6p2AIV+peZrBMtw+fujUWTZq1jDrXXQRd+k18c7i8dbQlBZt/ep4vlmUm9giBzBKhrcdgJHb9Nr37Hjf4aHaBRVK5FXK5uG2eAC6a5t4+63+WUC8MkTt2D8e+Az2T4KD0YFzb2d/DhjXIDAqFPRfrrrAHawWezN9sfYuGjqon4gKFXZ4VcBi++SLdlVOXzfi7xeMQ4OBNhHCB44GrQ8Bfl/GKCSB2/LS46k6XJDxx0+RrxixTgQXMQ==\n",
            "public_key_pem": "-----BEGIN PUBLIC KEY-----\nMIICIjANBgkqhkiG9w0BAQEFAAOCAg8AMIICCgKCAgEA3l4v5O/asQdFq/HUWTcF\n8jX30g3MPcZuBc5ZA9yQFDg5YnFUyVzOgZYNaJhHesvPZCZz+xvSa2xAYPBdSzu3\ni2vk/TK8xqg9vqiQsPcAAdba2JbNuuoprFA3oDhqIX2Mxqtls9C1xCtiWXSBJD1k\nXF1fu/shKmkUCns5IkQ9mBQX+OrYngmYyZ1z9jmKtEAFvozoBxWLaSvWyXTT2Id8\nRR9p4btbRjk+nuSDUgY34/68kMsc5FdoibzVoht6IkFTj5bKBmKJWGMXA14omxeV\n05mHTx2/UwZGDqiRMcr1RvGKLAqdCUpQHd0dfTTz8K3dHEzPzr6q5sYXqnlGvCLM\nAVradj/dstjtiacQa6JdU7l9CG7hXHL1ateiFbHEqe9CEEx6Ox+/2CXwY/sLA0Fe\n4+9xj8IL0s0EgpkZXqoOFg2NYR5tOeg3gOqdgCFfqXmawTLcPn7o1Fk2atYw6110\nEXfpNfHO4vHW0JQWbf3qeL5ZlJvYIgcwSoa3HYCR2/Ta9+x43+Gh2gUVSuRVyubh\ntngAumubePut/llAvDJE7dg/HvgM9k+Cg9GBc29nfw4Y1yAwKhT0X666wB2sFnsz\nfbH2Lho6qJ+IChV2eFXAYvvki3ZVTl834u8XjEODgTYRwgeOBq0PAX5fxigkgdvy\n0uOpOlyQ8cdPka8YsU4EFzECAwEAAQ==\n-----END PUBLIC KEY-----\n",
            "rsa_bits": 4096
          },
          "private": "bnVsbA=="
        }
      ]
    }
  ]
}
